
Microsoft Visual Studio Solution File, Format Version 12.00
# Visual Studio Version 16
VisualStudioVersion = 16.0.29519.87
MinimumVisualStudioVersion = 10.0.40219.1
Project("{FAE04EC0-301F-11D3-BF4B-00C04F79EFBC}") = "ELA_Data_Service", "ELA_Data_Service\ELA_Data_Service.csproj", "{B0BEC94C-4741-4D36-A32F-AF833DE870C8}"
EndProject
Global
	GlobalSection(SolutionConfigurationPlatforms) = preSolution
		Debug|Any CPU = Debug|Any CPU
		Release|Any CPU = Release|Any CPU
	EndGlobalSection
	GlobalSection(ProjectConfigurationPlatforms) = postSolution
		{B0BEC94C-4741-4D36-A32F-AF833DE870C8}.Debug|Any CPU.ActiveCfg = Debug|Any CPU
		{B0BEC94C-4741-4D36-A32F-AF833DE870C8}.Debug|Any CPU.Build.0 = Debug|Any CPU
		{B0BEC94C-4741-4D36-A32F-AF833DE870C8}.Release|Any CPU.ActiveCfg = Release|Any CPU
		{B0BEC94C-4741-4D36-A32F-AF833DE870C8}.Release|Any CPU.Build.0 = Release|Any CPU
	EndGlobalSection
	GlobalSection(SolutionProperties) = preSolution
		HideSolutionNode = FALSE
	EndGlobalSection
	GlobalSection(ExtensibilityGlobals) = postSolution
		SolutionGuid = {E2148194-D2FA-45E8-BD5E-4C04431C6229}
	EndGlobalSection
EndGlobal
